
Microsoft Visual Studio Solution File, Format Version 12.00
# Visual Studio Version 16
VisualStudioVersion = 16.0.30907.101
MinimumVisualStudioVersion = 10.0.40219.1
Project("{FAE04EC0-301F-11D3-BF4B-00C04F79EFBC}") = "FCFS Gui", "FCFS Gui.csproj", "{415CAC48-F5BA-43EC-81AF-B639DCD4FCDD}"
EndProject
Project("{9A19103F-16F7-4668-BE54-9A1E7A4F7556}") = "FCFS Library", "..\FCFS Library\FCFS Library.csproj", "{2633F2D2-9AAF-4E2D-A232-4266009A2929}"
EndProject
Global
	GlobalSection(SolutionConfigurationPlatforms) = preSolution
		Debug|Any CPU = Debug|Any CPU
		Release|Any CPU = Release|Any CPU
	EndGlobalSection
	GlobalSection(ProjectConfigurationPlatforms) = postSolution
		{415CAC48-F5BA-43EC-81AF-B639DCD4FCDD}.Debug|Any CPU.ActiveCfg = Debug|Any CPU
		{415CAC48-F5BA-43EC-81AF-B639DCD4FCDD}.Debug|Any CPU.Build.0 = Debug|Any CPU
		{415CAC48-F5BA-43EC-81AF-B639DCD4FCDD}.Release|Any CPU.ActiveCfg = Release|Any CPU
		{415CAC48-F5BA-43EC-81AF-B639DCD4FCDD}.Release|Any CPU.Build.0 = Release|Any CPU
		{2633F2D2-9AAF-4E2D-A232-4266009A2929}.Debug|Any CPU.ActiveCfg = Debug|Any CPU
		{2633F2D2-9AAF-4E2D-A232-4266009A2929}.Debug|Any CPU.Build.0 = Debug|Any CPU
		{2633F2D2-9AAF-4E2D-A232-4266009A2929}.Release|Any CPU.ActiveCfg = Release|Any CPU
		{2633F2D2-9AAF-4E2D-A232-4266009A2929}.Release|Any CPU.Build.0 = Release|Any CPU
	EndGlobalSection
	GlobalSection(SolutionProperties) = preSolution
		HideSolutionNode = FALSE
	EndGlobalSection
	GlobalSection(ExtensibilityGlobals) = postSolution
		SolutionGuid = {A9FC513C-F649-4FE2-8B25-B37ED9563427}
	EndGlobalSection
EndGlobal
